
Microsoft Visual Studio Solution File, Format Version 12.00
# Visual Studio 2012
Project("{FAE04EC0-301F-11D3-BF4B-00C04F79EFBC}") = "Infra", "Infra\Infra.csproj", "{DAEA7BB5-9FFC-4134-AE0A-58FF7A27957F}"
EndProject
Project("{FAE04EC0-301F-11D3-BF4B-00C04F79EFBC}") = "Business", "Business\Business.csproj", "{DEE923AD-F7F0-4A92-9163-C00313CB4801}"
EndProject
Project("{FAE04EC0-301F-11D3-BF4B-00C04F79EFBC}") = "View", "View\View.csproj", "{08871CAD-0430-4634-8D92-4A1920643080}"
EndProject
Project("{2150E333-8FDC-42A3-9474-1A3956D46DE8}") = ".nuget", ".nuget", "{397F7182-235E-4832-A66F-0DF7C2CE04ED}"
	ProjectSection(SolutionItems) = preProject
		.nuget\packages.config = .nuget\packages.config
	EndProjectSection
EndProject
Global
	GlobalSection(SolutionConfigurationPlatforms) = preSolution
		Debug|Any CPU = Debug|Any CPU
		Release|Any CPU = Release|Any CPU
	EndGlobalSection
	GlobalSection(ProjectConfigurationPlatforms) = postSolution
		{DAEA7BB5-9FFC-4134-AE0A-58FF7A27957F}.Debug|Any CPU.ActiveCfg = Debug|Any CPU
		{DAEA7BB5-9FFC-4134-AE0A-58FF7A27957F}.Debug|Any CPU.Build.0 = Debug|Any CPU
		{DAEA7BB5-9FFC-4134-AE0A-58FF7A27957F}.Release|Any CPU.ActiveCfg = Release|Any CPU
		{DAEA7BB5-9FFC-4134-AE0A-58FF7A27957F}.Release|Any CPU.Build.0 = Release|Any CPU
		{DEE923AD-F7F0-4A92-9163-C00313CB4801}.Debug|Any CPU.ActiveCfg = Debug|Any CPU
		{DEE923AD-F7F0-4A92-9163-C00313CB4801}.Debug|Any CPU.Build.0 = Debug|Any CPU
		{DEE923AD-F7F0-4A92-9163-C00313CB4801}.Release|Any CPU.ActiveCfg = Release|Any CPU
		{DEE923AD-F7F0-4A92-9163-C00313CB4801}.Release|Any CPU.Build.0 = Release|Any CPU
		{08871CAD-0430-4634-8D92-4A1920643080}.Debug|Any CPU.ActiveCfg = Debug|Any CPU
		{08871CAD-0430-4634-8D92-4A1920643080}.Debug|Any CPU.Build.0 = Debug|Any CPU
		{08871CAD-0430-4634-8D92-4A1920643080}.Release|Any CPU.ActiveCfg = Release|Any CPU
		{08871CAD-0430-4634-8D92-4A1920643080}.Release|Any CPU.Build.0 = Release|Any CPU
	EndGlobalSection
	GlobalSection(SolutionProperties) = preSolution
		HideSolutionNode = FALSE
	EndGlobalSection
EndGlobal
